
Microsoft Visual Studio Solution File, Format Version 12.00
# Visual Studio Version 17
VisualStudioVersion = 17.2.32630.192
MinimumVisualStudioVersion = 10.0.40219.1
Project("{9A19103F-16F7-4668-BE54-9A1E7A4F7556}") = "ReactiveMarbles.Mvvm", "ReactiveMarbles.Mvvm\ReactiveMarbles.Mvvm.csproj", "{12FCC761-EA3D-4443-9D88-BE03B3D6C802}"
EndProject
Project("{9A19103F-16F7-4668-BE54-9A1E7A4F7556}") = "ReactiveMarbles.Mvvm.Tests", "ReactiveMarbles.Mvvm.Tests\ReactiveMarbles.Mvvm.Tests.csproj", "{1179097F-2B50-4892-8FA7-CD2AFC5E6D3D}"
EndProject
Project("{9A19103F-16F7-4668-BE54-9A1E7A4F7556}") = "ReactiveMarbles.Mvvm.Benchmarks", "ReactiveMarbles.Mvvm.Benchmarks\ReactiveMarbles.Mvvm.Benchmarks.csproj", "{16D18273-3F1A-4596-9324-0B6CC951E1BB}"
EndProject
Project("{2150E333-8FDC-42A3-9474-1A3956D46DE8}") = "Solution Items", "Solution Items", "{5957A7E7-ADF4-43BA-B555-3F7DD05A72A2}"
	ProjectSection(SolutionItems) = preProject
		..\.editorconfig = ..\.editorconfig
		directory.build.props = directory.build.props
		directory.build.targets = directory.build.targets
		directory.packages.props = directory.packages.props
		nuget.config = nuget.config
		stylecop.json = stylecop.json
	EndProjectSection
EndProject
Project("{FAE04EC0-301F-11D3-BF4B-00C04F79EFBC}") = "ReactiveMarbles.Mvvm.SourceGenerator", "ReactiveMarbles.Mvvm.SourceGenerator\ReactiveMarbles.Mvvm.SourceGenerator.csproj", "{055AA316-CFA3-40F3-A947-264472CA52FC}"
EndProject
Project("{FAE04EC0-301F-11D3-BF4B-00C04F79EFBC}") = "ReactiveMarbles.Mvvm.SourceGenerator.Roslyn38", "ReactiveMarbles.Mvvm.SourceGenerator.Roslyn38\ReactiveMarbles.Mvvm.SourceGenerator.Roslyn38.csproj", "{19E7F29C-36BF-4D07-8CDB-03820E17F86F}"
EndProject
Project("{FAE04EC0-301F-11D3-BF4B-00C04F79EFBC}") = "ReactiveMarbles.Mvvm.SourceGenerator.Roslyn40", "ReactiveMarbles.Mvvm.SourceGenerator.Roslyn40\ReactiveMarbles.Mvvm.SourceGenerator.Roslyn40.csproj", "{B7C3A711-6DB9-4FF6-BAD8-6926B5903600}"
EndProject
Project("{FAE04EC0-301F-11D3-BF4B-00C04F79EFBC}") = "ReactiveMarbles.Mvvm.SourceGenerator.Tests", "ReactiveMarbles.Mvvm.SourceGenerator.Tests\ReactiveMarbles.Mvvm.SourceGenerator.Tests.csproj", "{6430F32F-EE78-44B7-8912-F751CBF89671}"
EndProject
Global
	GlobalSection(SolutionConfigurationPlatforms) = preSolution
		Debug|Any CPU = Debug|Any CPU
		Release|Any CPU = Release|Any CPU
	EndGlobalSection
	GlobalSection(ProjectConfigurationPlatforms) = postSolution
		{12FCC761-EA3D-4443-9D88-BE03B3D6C802}.Debug|Any CPU.ActiveCfg = Debug|Any CPU
		{12FCC761-EA3D-4443-9D88-BE03B3D6C802}.Debug|Any CPU.Build.0 = Debug|Any CPU
		{12FCC761-EA3D-4443-9D88-BE03B3D6C802}.Release|Any CPU.ActiveCfg = Release|Any CPU
		{12FCC761-EA3D-4443-9D88-BE03B3D6C802}.Release|Any CPU.Build.0 = Release|Any CPU
		{1179097F-2B50-4892-8FA7-CD2AFC5E6D3D}.Debug|Any CPU.ActiveCfg = Debug|Any CPU
		{1179097F-2B50-4892-8FA7-CD2AFC5E6D3D}.Debug|Any CPU.Build.0 = Debug|Any CPU
		{1179097F-2B50-4892-8FA7-CD2AFC5E6D3D}.Release|Any CPU.ActiveCfg = Release|Any CPU
		{1179097F-2B50-4892-8FA7-CD2AFC5E6D3D}.Release|Any CPU.Build.0 = Release|Any CPU
		{16D18273-3F1A-4596-9324-0B6CC951E1BB}.Debug|Any CPU.ActiveCfg = Debug|Any CPU
		{16D18273-3F1A-4596-9324-0B6CC951E1BB}.Debug|Any CPU.Build.0 = Debug|Any CPU
		{16D18273-3F1A-4596-9324-0B6CC951E1BB}.Release|Any CPU.ActiveCfg = Release|Any CPU
		{16D18273-3F1A-4596-9324-0B6CC951E1BB}.Release|Any CPU.Build.0 = Release|Any CPU
		{055AA316-CFA3-40F3-A947-264472CA52FC}.Debug|Any CPU.ActiveCfg = Debug|Any CPU
		{055AA316-CFA3-40F3-A947-264472CA52FC}.Debug|Any CPU.Build.0 = Debug|Any CPU
		{055AA316-CFA3-40F3-A947-264472CA52FC}.Release|Any CPU.ActiveCfg = Release|Any CPU
		{055AA316-CFA3-40F3-A947-264472CA52FC}.Release|Any CPU.Build.0 = Release|Any CPU
		{19E7F29C-36BF-4D07-8CDB-03820E17F86F}.Debug|Any CPU.ActiveCfg = Debug|Any CPU
		{19E7F29C-36BF-4D07-8CDB-03820E17F86F}.Debug|Any CPU.Build.0 = Debug|Any CPU
		{19E7F29C-36BF-4D07-8CDB-03820E17F86F}.Release|Any CPU.ActiveCfg = Release|Any CPU
		{19E7F29C-36BF-4D07-8CDB-03820E17F86F}.Release|Any CPU.Build.0 = Release|Any CPU
		{B7C3A711-6DB9-4FF6-BAD8-6926B5903600}.Debug|Any CPU.ActiveCfg = Debug|Any CPU
		{B7C3A711-6DB9-4FF6-BAD8-6926B5903600}.Debug|Any CPU.Build.0 = Debug|Any CPU
		{B7C3A711-6DB9-4FF6-BAD8-6926B5903600}.Release|Any CPU.ActiveCfg = Release|Any CPU
		{B7C3A711-6DB9-4FF6-BAD8-6926B5903600}.Release|Any CPU.Build.0 = Release|Any CPU
		{6430F32F-EE78-44B7-8912-F751CBF89671}.Debug|Any CPU.ActiveCfg = Debug|Any CPU
		{6430F32F-EE78-44B7-8912-F751CBF89671}.Debug|Any CPU.Build.0 = Debug|Any CPU
		{6430F32F-EE78-44B7-8912-F751CBF89671}.Release|Any CPU.ActiveCfg = Release|Any CPU
		{6430F32F-EE78-44B7-8912-F751CBF89671}.Release|Any CPU.Build.0 = Release|Any CPU
	EndGlobalSection
	GlobalSection(SolutionProperties) = preSolution
		HideSolutionNode = FALSE
	EndGlobalSection
	GlobalSection(ExtensibilityGlobals) = postSolution
		SolutionGuid = {DE26C39D-3A31-4AD0-B642-EDF83893FE48}
	EndGlobalSection
EndGlobal
