
Microsoft Visual Studio Solution File, Format Version 12.00
Project("{FAE04EC0-301F-11D3-BF4B-00C04F79EFBC}") = "ReactiveMarbles.Mvvm", "ReactiveMarbles.Mvvm\ReactiveMarbles.Mvvm.csproj", "{12FCC761-EA3D-4443-9D88-BE03B3D6C802}"
EndProject
Project("{FAE04EC0-301F-11D3-BF4B-00C04F79EFBC}") = "ReactiveMarbles.Mvvm.Tests", "ReactiveMarbles.Mvvm.Tests\ReactiveMarbles.Mvvm.Tests.csproj", "{1179097F-2B50-4892-8FA7-CD2AFC5E6D3D}"
EndProject
Project("{FAE04EC0-301F-11D3-BF4B-00C04F79EFBC}") = "ReactiveMarbles.Mvvm.Benchmarks", "ReactiveMarbles.Mvvm.Benchmarks\ReactiveMarbles.Mvvm.Benchmarks.csproj", "{16D18273-3F1A-4596-9324-0B6CC951E1BB}"
EndProject
Global
	GlobalSection(SolutionConfigurationPlatforms) = preSolution
		Debug|Any CPU = Debug|Any CPU
		Release|Any CPU = Release|Any CPU
	EndGlobalSection
	GlobalSection(ProjectConfigurationPlatforms) = postSolution
		{12FCC761-EA3D-4443-9D88-BE03B3D6C802}.Debug|Any CPU.ActiveCfg = Debug|Any CPU
		{12FCC761-EA3D-4443-9D88-BE03B3D6C802}.Debug|Any CPU.Build.0 = Debug|Any CPU
		{12FCC761-EA3D-4443-9D88-BE03B3D6C802}.Release|Any CPU.ActiveCfg = Release|Any CPU
		{12FCC761-EA3D-4443-9D88-BE03B3D6C802}.Release|Any CPU.Build.0 = Release|Any CPU
		{1179097F-2B50-4892-8FA7-CD2AFC5E6D3D}.Debug|Any CPU.ActiveCfg = Debug|Any CPU
		{1179097F-2B50-4892-8FA7-CD2AFC5E6D3D}.Debug|Any CPU.Build.0 = Debug|Any CPU
		{1179097F-2B50-4892-8FA7-CD2AFC5E6D3D}.Release|Any CPU.ActiveCfg = Release|Any CPU
		{1179097F-2B50-4892-8FA7-CD2AFC5E6D3D}.Release|Any CPU.Build.0 = Release|Any CPU
		{16D18273-3F1A-4596-9324-0B6CC951E1BB}.Debug|Any CPU.ActiveCfg = Debug|Any CPU
		{16D18273-3F1A-4596-9324-0B6CC951E1BB}.Debug|Any CPU.Build.0 = Debug|Any CPU
		{16D18273-3F1A-4596-9324-0B6CC951E1BB}.Release|Any CPU.ActiveCfg = Release|Any CPU
		{16D18273-3F1A-4596-9324-0B6CC951E1BB}.Release|Any CPU.Build.0 = Release|Any CPU
	EndGlobalSection
EndGlobal
